
Microsoft Visual Studio Solution File, Format Version 12.00
# Visual Studio Version 16
VisualStudioVersion = 16.0.29123.88
MinimumVisualStudioVersion = 10.0.40219.1
Project("{FAE04EC0-301F-11D3-BF4B-00C04F79EFBC}") = "EnAbleIndiaAssets", "EnAbleIndiaAssets.csproj", "{4D84ED55-0583-4122-AE34-01660212E259}"
EndProject
Project("{2150E333-8FDC-42A3-9474-1A3956D46DE8}") = "Solution Items", "Solution Items", "{4B863C70-8DAF-41C3-9477-E37B9FE19DC6}"
	ProjectSection(SolutionItems) = preProject
		..\..\..\Desktop\GrantSql.sql = ..\..\..\Desktop\GrantSql.sql
	EndProjectSection
EndProject
Global
	GlobalSection(SolutionConfigurationPlatforms) = preSolution
		Debug|Any CPU = Debug|Any CPU
		Release|Any CPU = Release|Any CPU
	EndGlobalSection
	GlobalSection(ProjectConfigurationPlatforms) = postSolution
		{4D84ED55-0583-4122-AE34-01660212E259}.Debug|Any CPU.ActiveCfg = Debug|Any CPU
		{4D84ED55-0583-4122-AE34-01660212E259}.Debug|Any CPU.Build.0 = Debug|Any CPU
		{4D84ED55-0583-4122-AE34-01660212E259}.Release|Any CPU.ActiveCfg = Release|Any CPU
		{4D84ED55-0583-4122-AE34-01660212E259}.Release|Any CPU.Build.0 = Release|Any CPU
	EndGlobalSection
	GlobalSection(SolutionProperties) = preSolution
		HideSolutionNode = FALSE
	EndGlobalSection
	GlobalSection(ExtensibilityGlobals) = postSolution
		SolutionGuid = {546BDD56-B052-4B1A-8D8D-CF0BA6E06E0F}
	EndGlobalSection
EndGlobal
